
Microsoft Visual Studio Solution File, Format Version 12.00
# Visual Studio Version 17
VisualStudioVersion = 17.4.33213.308
MinimumVisualStudioVersion = 10.0.40219.1
Project("{FAE04EC0-301F-11D3-BF4B-00C04F79EFBC}") = "P2_2020SS603_2017LM602_2015CG601", "P2_2020SS603_2017LM602_2015CG601\P2_2020SS603_2017LM602_2015CG601.csproj", "{CDD05BF0-839D-4042-AEE8-5BEE36203A41}"
EndProject
Global
	GlobalSection(SolutionConfigurationPlatforms) = preSolution
		Debug|Any CPU = Debug|Any CPU
		Release|Any CPU = Release|Any CPU
	EndGlobalSection
	GlobalSection(ProjectConfigurationPlatforms) = postSolution
		{CDD05BF0-839D-4042-AEE8-5BEE36203A41}.Debug|Any CPU.ActiveCfg = Debug|Any CPU
		{CDD05BF0-839D-4042-AEE8-5BEE36203A41}.Debug|Any CPU.Build.0 = Debug|Any CPU
		{CDD05BF0-839D-4042-AEE8-5BEE36203A41}.Release|Any CPU.ActiveCfg = Release|Any CPU
		{CDD05BF0-839D-4042-AEE8-5BEE36203A41}.Release|Any CPU.Build.0 = Release|Any CPU
	EndGlobalSection
	GlobalSection(SolutionProperties) = preSolution
		HideSolutionNode = FALSE
	EndGlobalSection
	GlobalSection(ExtensibilityGlobals) = postSolution
		SolutionGuid = {FFCDF447-3794-4BB2-9554-557D3E4CC7DC}
	EndGlobalSection
EndGlobal
